
Microsoft Visual Studio Solution File, Format Version 12.00
# Visual Studio Version 16
VisualStudioVersion = 16.0.32630.194
MinimumVisualStudioVersion = 10.0.40219.1
Project("{FAE04EC0-301F-11D3-BF4B-00C04F79EFBC}") = "MathAndComparison", "MathAndComparison\MathAndComparison.csproj", "{CDF1FB0D-BCED-41DD-84BB-22D1F8489C80}"
EndProject
Global
	GlobalSection(SolutionConfigurationPlatforms) = preSolution
		Debug|Any CPU = Debug|Any CPU
		Release|Any CPU = Release|Any CPU
	EndGlobalSection
	GlobalSection(ProjectConfigurationPlatforms) = postSolution
		{CDF1FB0D-BCED-41DD-84BB-22D1F8489C80}.Debug|Any CPU.ActiveCfg = Debug|Any CPU
		{CDF1FB0D-BCED-41DD-84BB-22D1F8489C80}.Debug|Any CPU.Build.0 = Debug|Any CPU
		{CDF1FB0D-BCED-41DD-84BB-22D1F8489C80}.Release|Any CPU.ActiveCfg = Release|Any CPU
		{CDF1FB0D-BCED-41DD-84BB-22D1F8489C80}.Release|Any CPU.Build.0 = Release|Any CPU
	EndGlobalSection
	GlobalSection(SolutionProperties) = preSolution
		HideSolutionNode = FALSE
	EndGlobalSection
	GlobalSection(ExtensibilityGlobals) = postSolution
		SolutionGuid = {4251CA8A-0038-4325-A364-5BB9AC01F307}
	EndGlobalSection
EndGlobal
