
Microsoft Visual Studio Solution File, Format Version 12.00
# Visual Studio Version 16
VisualStudioVersion = 16.0.32630.194
MinimumVisualStudioVersion = 10.0.40219.1
Project("{FAE04EC0-301F-11D3-BF4B-00C04F79EFBC}") = "Console App Array Submission", "Console App Array Submission\Console App Array Submission.csproj", "{B772C9B9-7F68-4EB2-8EB4-F71D676F2BC5}"
EndProject
Global
	GlobalSection(SolutionConfigurationPlatforms) = preSolution
		Debug|Any CPU = Debug|Any CPU
		Release|Any CPU = Release|Any CPU
	EndGlobalSection
	GlobalSection(ProjectConfigurationPlatforms) = postSolution
		{B772C9B9-7F68-4EB2-8EB4-F71D676F2BC5}.Debug|Any CPU.ActiveCfg = Debug|Any CPU
		{B772C9B9-7F68-4EB2-8EB4-F71D676F2BC5}.Debug|Any CPU.Build.0 = Debug|Any CPU
		{B772C9B9-7F68-4EB2-8EB4-F71D676F2BC5}.Release|Any CPU.ActiveCfg = Release|Any CPU
		{B772C9B9-7F68-4EB2-8EB4-F71D676F2BC5}.Release|Any CPU.Build.0 = Release|Any CPU
	EndGlobalSection
	GlobalSection(SolutionProperties) = preSolution
		HideSolutionNode = FALSE
	EndGlobalSection
	GlobalSection(ExtensibilityGlobals) = postSolution
		SolutionGuid = {0AD3E097-6E5D-46EB-9746-152877248A1A}
	EndGlobalSection
EndGlobal
