
Microsoft Visual Studio Solution File, Format Version 12.00
# Visual Studio Version 16
VisualStudioVersion = 16.0.32630.194
MinimumVisualStudioVersion = 10.0.40219.1
Project("{FAE04EC0-301F-11D3-BF4B-00C04F79EFBC}") = "Branching Submission Assignment", "Branching Submission Assignment\Branching Submission Assignment.csproj", "{E28B14ED-A1C7-4061-9E6C-7F408A43AC01}"
EndProject
Global
	GlobalSection(SolutionConfigurationPlatforms) = preSolution
		Debug|Any CPU = Debug|Any CPU
		Release|Any CPU = Release|Any CPU
	EndGlobalSection
	GlobalSection(ProjectConfigurationPlatforms) = postSolution
		{E28B14ED-A1C7-4061-9E6C-7F408A43AC01}.Debug|Any CPU.ActiveCfg = Debug|Any CPU
		{E28B14ED-A1C7-4061-9E6C-7F408A43AC01}.Debug|Any CPU.Build.0 = Debug|Any CPU
		{E28B14ED-A1C7-4061-9E6C-7F408A43AC01}.Release|Any CPU.ActiveCfg = Release|Any CPU
		{E28B14ED-A1C7-4061-9E6C-7F408A43AC01}.Release|Any CPU.Build.0 = Release|Any CPU
	EndGlobalSection
	GlobalSection(SolutionProperties) = preSolution
		HideSolutionNode = FALSE
	EndGlobalSection
	GlobalSection(ExtensibilityGlobals) = postSolution
		SolutionGuid = {1EB4DD32-757E-46FF-B586-39B720521AEC}
	EndGlobalSection
EndGlobal
