
Microsoft Visual Studio Solution File, Format Version 12.00
# Visual Studio Version 16
VisualStudioVersion = 16.0.32630.194
MinimumVisualStudioVersion = 10.0.40219.1
Project("{9A19103F-16F7-4668-BE54-9A1E7A4F7556}") = "TwentyOne", "TwentyOne\TwentyOne.csproj", "{ED6D8BB7-AD18-4CAF-8E1B-FA4C4D60008F}"
EndProject
Project("{FAE04EC0-301F-11D3-BF4B-00C04F79EFBC}") = "Casino", "Casino\Casino.csproj", "{7F9D957A-5A98-4ABA-BF8C-EEB57331EC96}"
EndProject
Global
	GlobalSection(SolutionConfigurationPlatforms) = preSolution
		Debug|Any CPU = Debug|Any CPU
		Release|Any CPU = Release|Any CPU
	EndGlobalSection
	GlobalSection(ProjectConfigurationPlatforms) = postSolution
		{ED6D8BB7-AD18-4CAF-8E1B-FA4C4D60008F}.Debug|Any CPU.ActiveCfg = Debug|Any CPU
		{ED6D8BB7-AD18-4CAF-8E1B-FA4C4D60008F}.Debug|Any CPU.Build.0 = Debug|Any CPU
		{ED6D8BB7-AD18-4CAF-8E1B-FA4C4D60008F}.Release|Any CPU.ActiveCfg = Release|Any CPU
		{ED6D8BB7-AD18-4CAF-8E1B-FA4C4D60008F}.Release|Any CPU.Build.0 = Release|Any CPU
		{7F9D957A-5A98-4ABA-BF8C-EEB57331EC96}.Debug|Any CPU.ActiveCfg = Debug|Any CPU
		{7F9D957A-5A98-4ABA-BF8C-EEB57331EC96}.Debug|Any CPU.Build.0 = Debug|Any CPU
		{7F9D957A-5A98-4ABA-BF8C-EEB57331EC96}.Release|Any CPU.ActiveCfg = Release|Any CPU
		{7F9D957A-5A98-4ABA-BF8C-EEB57331EC96}.Release|Any CPU.Build.0 = Release|Any CPU
	EndGlobalSection
	GlobalSection(SolutionProperties) = preSolution
		HideSolutionNode = FALSE
	EndGlobalSection
	GlobalSection(ExtensibilityGlobals) = postSolution
		SolutionGuid = {674B8F49-1E5B-4F45-B9D5-427964DC0FD7}
	EndGlobalSection
EndGlobal
