
Microsoft Visual Studio Solution File, Format Version 12.00
# Visual Studio Version 16
VisualStudioVersion = 16.0.32630.194
MinimumVisualStudioVersion = 10.0.40219.1
Project("{FAE04EC0-301F-11D3-BF4B-00C04F79EFBC}") = "Acme Acounting", "Acme Acounting\Acme Acounting.csproj", "{C57D4243-5E05-4B64-AA89-69C130638D37}"
EndProject
Global
	GlobalSection(SolutionConfigurationPlatforms) = preSolution
		Debug|Any CPU = Debug|Any CPU
		Release|Any CPU = Release|Any CPU
	EndGlobalSection
	GlobalSection(ProjectConfigurationPlatforms) = postSolution
		{C57D4243-5E05-4B64-AA89-69C130638D37}.Debug|Any CPU.ActiveCfg = Debug|Any CPU
		{C57D4243-5E05-4B64-AA89-69C130638D37}.Debug|Any CPU.Build.0 = Debug|Any CPU
		{C57D4243-5E05-4B64-AA89-69C130638D37}.Release|Any CPU.ActiveCfg = Release|Any CPU
		{C57D4243-5E05-4B64-AA89-69C130638D37}.Release|Any CPU.Build.0 = Release|Any CPU
	EndGlobalSection
	GlobalSection(SolutionProperties) = preSolution
		HideSolutionNode = FALSE
	EndGlobalSection
	GlobalSection(ExtensibilityGlobals) = postSolution
		SolutionGuid = {355365F0-499E-400A-96F4-ACE4F07C41DA}
	EndGlobalSection
EndGlobal
