
Microsoft Visual Studio Solution File, Format Version 12.00
# Visual Studio Version 16
VisualStudioVersion = 16.0.32630.194
MinimumVisualStudioVersion = 10.0.40219.1
Project("{FAE04EC0-301F-11D3-BF4B-00C04F79EFBC}") = "Abstract Class", "Abstract Class\Abstract Class.csproj", "{1C3E3007-C720-483C-9782-06519AE8FC0E}"
EndProject
Global
	GlobalSection(SolutionConfigurationPlatforms) = preSolution
		Debug|Any CPU = Debug|Any CPU
		Release|Any CPU = Release|Any CPU
	EndGlobalSection
	GlobalSection(ProjectConfigurationPlatforms) = postSolution
		{1C3E3007-C720-483C-9782-06519AE8FC0E}.Debug|Any CPU.ActiveCfg = Debug|Any CPU
		{1C3E3007-C720-483C-9782-06519AE8FC0E}.Debug|Any CPU.Build.0 = Debug|Any CPU
		{1C3E3007-C720-483C-9782-06519AE8FC0E}.Release|Any CPU.ActiveCfg = Release|Any CPU
		{1C3E3007-C720-483C-9782-06519AE8FC0E}.Release|Any CPU.Build.0 = Release|Any CPU
	EndGlobalSection
	GlobalSection(SolutionProperties) = preSolution
		HideSolutionNode = FALSE
	EndGlobalSection
	GlobalSection(ExtensibilityGlobals) = postSolution
		SolutionGuid = {298FE157-282C-4A23-BBD1-A31844689723}
	EndGlobalSection
EndGlobal
