
Microsoft Visual Studio Solution File, Format Version 12.00
# Visual Studio Version 16
VisualStudioVersion = 16.0.32630.194
MinimumVisualStudioVersion = 10.0.40219.1
Project("{FAE04EC0-301F-11D3-BF4B-00C04F79EFBC}") = "Method Class Assignment", "Method Class Assignment\Method Class Assignment.csproj", "{BC4596DD-3C36-42DB-8730-FD48C13FB85E}"
EndProject
Global
	GlobalSection(SolutionConfigurationPlatforms) = preSolution
		Debug|Any CPU = Debug|Any CPU
		Release|Any CPU = Release|Any CPU
	EndGlobalSection
	GlobalSection(ProjectConfigurationPlatforms) = postSolution
		{BC4596DD-3C36-42DB-8730-FD48C13FB85E}.Debug|Any CPU.ActiveCfg = Debug|Any CPU
		{BC4596DD-3C36-42DB-8730-FD48C13FB85E}.Debug|Any CPU.Build.0 = Debug|Any CPU
		{BC4596DD-3C36-42DB-8730-FD48C13FB85E}.Release|Any CPU.ActiveCfg = Release|Any CPU
		{BC4596DD-3C36-42DB-8730-FD48C13FB85E}.Release|Any CPU.Build.0 = Release|Any CPU
	EndGlobalSection
	GlobalSection(SolutionProperties) = preSolution
		HideSolutionNode = FALSE
	EndGlobalSection
	GlobalSection(ExtensibilityGlobals) = postSolution
		SolutionGuid = {DE255C89-73CF-47E0-B3CD-45DC3560B1A3}
	EndGlobalSection
EndGlobal
