
Microsoft Visual Studio Solution File, Format Version 12.00
# Visual Studio Version 16
VisualStudioVersion = 16.0.32630.194
MinimumVisualStudioVersion = 10.0.40219.1
Project("{FAE04EC0-301F-11D3-BF4B-00C04F79EFBC}") = "Daily Report", "Daily Report\Daily Report.csproj", "{C5FCAEFE-F3DD-4D86-A1F0-D530747171D0}"
EndProject
Global
	GlobalSection(SolutionConfigurationPlatforms) = preSolution
		Debug|Any CPU = Debug|Any CPU
		Release|Any CPU = Release|Any CPU
	EndGlobalSection
	GlobalSection(ProjectConfigurationPlatforms) = postSolution
		{C5FCAEFE-F3DD-4D86-A1F0-D530747171D0}.Debug|Any CPU.ActiveCfg = Debug|Any CPU
		{C5FCAEFE-F3DD-4D86-A1F0-D530747171D0}.Debug|Any CPU.Build.0 = Debug|Any CPU
		{C5FCAEFE-F3DD-4D86-A1F0-D530747171D0}.Release|Any CPU.ActiveCfg = Release|Any CPU
		{C5FCAEFE-F3DD-4D86-A1F0-D530747171D0}.Release|Any CPU.Build.0 = Release|Any CPU
	EndGlobalSection
	GlobalSection(SolutionProperties) = preSolution
		HideSolutionNode = FALSE
	EndGlobalSection
	GlobalSection(ExtensibilityGlobals) = postSolution
		SolutionGuid = {0A0F1E7D-5DB8-47D0-838A-A3EACE31D252}
	EndGlobalSection
EndGlobal
